
Microsoft Visual Studio Solution File, Format Version 12.00
# Visual Studio Version 16
VisualStudioVersion = 16.0.31624.102
MinimumVisualStudioVersion = 10.0.40219.1
Project("{FAE04EC0-301F-11D3-BF4B-00C04F79EFBC}") = "Hegyek", "Hegyek\Hegyek.csproj", "{6CC367F3-028A-497E-8AF1-69352AB2DBC6}"
EndProject
Global
	GlobalSection(SolutionConfigurationPlatforms) = preSolution
		Debug|Any CPU = Debug|Any CPU
		Release|Any CPU = Release|Any CPU
	EndGlobalSection
	GlobalSection(ProjectConfigurationPlatforms) = postSolution
		{6CC367F3-028A-497E-8AF1-69352AB2DBC6}.Debug|Any CPU.ActiveCfg = Debug|Any CPU
		{6CC367F3-028A-497E-8AF1-69352AB2DBC6}.Debug|Any CPU.Build.0 = Debug|Any CPU
		{6CC367F3-028A-497E-8AF1-69352AB2DBC6}.Release|Any CPU.ActiveCfg = Release|Any CPU
		{6CC367F3-028A-497E-8AF1-69352AB2DBC6}.Release|Any CPU.Build.0 = Release|Any CPU
	EndGlobalSection
	GlobalSection(SolutionProperties) = preSolution
		HideSolutionNode = FALSE
	EndGlobalSection
	GlobalSection(ExtensibilityGlobals) = postSolution
		SolutionGuid = {B21F0576-FFC0-4D13-90FF-81BAE8159FD0}
	EndGlobalSection
EndGlobal
